
Microsoft Visual Studio Solution File, Format Version 12.00
# Visual Studio Version 17
VisualStudioVersion = 17.14.36401.2
MinimumVisualStudioVersion = 10.0.40219.1
Project("{FAE04EC0-301F-11D3-BF4B-00C04F79EFBC}") = "GrpcService", "GrpcService\GrpcService.csproj", "{988459F9-2821-4553-A376-5CCC81AE0826}"
EndProject
Project("{FAE04EC0-301F-11D3-BF4B-00C04F79EFBC}") = "GrpcClient", "GrpcClient\GrpcClient.csproj", "{846BC6E6-1B12-46DB-85A2-89F14E1DE745}"
EndProject
Global
	GlobalSection(SolutionConfigurationPlatforms) = preSolution
		Debug|Any CPU = Debug|Any CPU
		Release|Any CPU = Release|Any CPU
	EndGlobalSection
	GlobalSection(ProjectConfigurationPlatforms) = postSolution
		{988459F9-2821-4553-A376-5CCC81AE0826}.Debug|Any CPU.ActiveCfg = Debug|Any CPU
		{988459F9-2821-4553-A376-5CCC81AE0826}.Debug|Any CPU.Build.0 = Debug|Any CPU
		{988459F9-2821-4553-A376-5CCC81AE0826}.Release|Any CPU.ActiveCfg = Release|Any CPU
		{988459F9-2821-4553-A376-5CCC81AE0826}.Release|Any CPU.Build.0 = Release|Any CPU
		{846BC6E6-1B12-46DB-85A2-89F14E1DE745}.Debug|Any CPU.ActiveCfg = Debug|Any CPU
		{846BC6E6-1B12-46DB-85A2-89F14E1DE745}.Debug|Any CPU.Build.0 = Debug|Any CPU
		{846BC6E6-1B12-46DB-85A2-89F14E1DE745}.Release|Any CPU.ActiveCfg = Release|Any CPU
		{846BC6E6-1B12-46DB-85A2-89F14E1DE745}.Release|Any CPU.Build.0 = Release|Any CPU
	EndGlobalSection
	GlobalSection(SolutionProperties) = preSolution
		HideSolutionNode = FALSE
	EndGlobalSection
	GlobalSection(ExtensibilityGlobals) = postSolution
		SolutionGuid = {7E8B9296-B569-4A55-8E14-39829600D9FD}
	EndGlobalSection
EndGlobal
